{
  "name": "@seanmcp/debug-collector",
  "version": "1.0.0",
  "lockfileVersion": 1,
  "requires": true,
  "dependencies": {
    "@seanmcp/demo": {
      "version": "2.1.0",
      "resolved": "https://registry.npmjs.org/@seanmcp/demo/-/demo-2.1.0.tgz",
      "integrity": "sha512-4iGvaotRQRFMgQ/olqPUqPlPxmWTBuBSZZOV1zDj77GCsTzXPGj9PfCoDaRK1LXNygRN3DXa6GXFWQSs6YnNng=="
    }
  }
}
